
Microsoft Visual Studio Solution File, Format Version 12.00
# Visual Studio 15
Project("{FAE04EC0-301F-11D3-BF4B-00C04F79EFBC}") = "vaultn-example-app", "vaultn-example-app\vaultn-example-app.csproj", "{DDC5CA54-589C-4C06-AB10-D0AE5D0B8F27}"
EndProject
Project("{FAE04EC0-301F-11D3-BF4B-00C04F79EFBC}") = "vaultn-example-test", "vaultn-example-test\vaultn-example-test.csproj", "{6AE624E3-37E0-480C-93DB-7C08D84528C1}"
EndProject
Global
	GlobalSection(SolutionConfigurationPlatforms) = preSolution
		Debug|Any CPU = Debug|Any CPU
		Release|Any CPU = Release|Any CPU
	EndGlobalSection
	GlobalSection(ProjectConfigurationPlatforms) = postSolution
		{DDC5CA54-589C-4C06-AB10-D0AE5D0B8F27}.Debug|Any CPU.ActiveCfg = Debug|Any CPU
		{DDC5CA54-589C-4C06-AB10-D0AE5D0B8F27}.Debug|Any CPU.Build.0 = Debug|Any CPU
		{DDC5CA54-589C-4C06-AB10-D0AE5D0B8F27}.Release|Any CPU.ActiveCfg = Release|Any CPU
		{DDC5CA54-589C-4C06-AB10-D0AE5D0B8F27}.Release|Any CPU.Build.0 = Release|Any CPU
		{6AE624E3-37E0-480C-93DB-7C08D84528C1}.Debug|Any CPU.ActiveCfg = Debug|Any CPU
		{6AE624E3-37E0-480C-93DB-7C08D84528C1}.Debug|Any CPU.Build.0 = Debug|Any CPU
		{6AE624E3-37E0-480C-93DB-7C08D84528C1}.Release|Any CPU.ActiveCfg = Release|Any CPU
		{6AE624E3-37E0-480C-93DB-7C08D84528C1}.Release|Any CPU.Build.0 = Release|Any CPU
	EndGlobalSection
EndGlobal
